// !$*UTF8*$!
{
	archiveVersion = 1;
	classes = {
	};
	objectVersion = 50;
	objects = {

/* Begin PBXBuildFile section */
		14065E1722ABCD2200CEE09D /* Player.cpp in Sources */ = {isa = PBXBuildFile; fileRef = 14065E1622ABCD2200CEE09D /* Player.cpp */; };
		14065E1A22ABCEAE00CEE09D /* NPC.cpp in Sources */ = {isa = PBXBuildFile; fileRef = 14065E1922ABCEAE00CEE09D /* NPC.cpp */; };
		14065E1D22ABCEFE00CEE09D /* Mob.cpp in Sources */ = {isa = PBXBuildFile; fileRef = 14065E1C22ABCEFE00CEE09D /* Mob.cpp */; };
		140AFE2022AD75A800822847 /* Environment.cpp in Sources */ = {isa = PBXBuildFile; fileRef = 140AFE1F22AD75A800822847 /* Environment.cpp */; };
		14D96C0122A685C5004AC914 /* main.cpp in Sources */ = {isa = PBXBuildFile; fileRef = 14D96C0022A685C5004AC914 /* main.cpp */; };
		14D96C0922A68658004AC914 /* Point2D.cpp in Sources */ = {isa = PBXBuildFile; fileRef = 14D96C0822A68658004AC914 /* Point2D.cpp */; };
		14D96C0B22A6875C004AC914 /* Point3D.cpp in Sources */ = {isa = PBXBuildFile; fileRef = 14D96C0A22A6875C004AC914 /* Point3D.cpp */; };
		14D96C0F22A68C29004AC914 /* Entity.cpp in Sources */ = {isa = PBXBuildFile; fileRef = 14D96C0E22A68C29004AC914 /* Entity.cpp */; };
/* End PBXBuildFile section */

/* Begin PBXCopyFilesBuildPhase section */
		14D96BFB22A685C5004AC914 /* CopyFiles */ = {
			isa = PBXCopyFilesBuildPhase;
			buildActionMask = 2147483647;
			dstPath = /usr/share/man/man1/;
			dstSubfolderSpec = 0;
			files = (
			);
			runOnlyForDeploymentPostprocessing = 1;
		};
/* End PBXCopyFilesBuildPhase section */

/* Begin PBXFileReference section */
		14065E1522ABCC2800CEE09D /* Player.h */ = {isa = PBXFileReference; lastKnownFileType = sourcecode.c.h; path = Player.h; sourceTree = "<group>"; };
		14065E1622ABCD2200CEE09D /* Player.cpp */ = {isa = PBXFileReference; lastKnownFileType = sourcecode.cpp.cpp; path = Player.cpp; sourceTree = "<group>"; };
		14065E1822ABCE8A00CEE09D /* NPC.h */ = {isa = PBXFileReference; lastKnownFileType = sourcecode.c.h; path = NPC.h; sourceTree = "<group>"; };
		14065E1922ABCEAE00CEE09D /* NPC.cpp */ = {isa = PBXFileReference; lastKnownFileType = sourcecode.cpp.cpp; path = NPC.cpp; sourceTree = "<group>"; };
		14065E1B22ABCEC900CEE09D /* Mob.h */ = {isa = PBXFileReference; lastKnownFileType = sourcecode.c.h; path = Mob.h; sourceTree = "<group>"; };
		14065E1C22ABCEFE00CEE09D /* Mob.cpp */ = {isa = PBXFileReference; lastKnownFileType = sourcecode.cpp.cpp; path = Mob.cpp; sourceTree = "<group>"; };
		14065E1E22ABCF1300CEE09D /* Environment.h */ = {isa = PBXFileReference; lastKnownFileType = sourcecode.c.h; path = Environment.h; sourceTree = "<group>"; };
		140AFE1F22AD75A800822847 /* Environment.cpp */ = {isa = PBXFileReference; lastKnownFileType = sourcecode.cpp.cpp; path = Environment.cpp; sourceTree = "<group>"; };
		14D96BFD22A685C5004AC914 /* EntitySystem */ = {isa = PBXFileReference; explicitFileType = "compiled.mach-o.executable"; includeInIndex = 0; path = EntitySystem; sourceTree = BUILT_PRODUCTS_DIR; };
		14D96C0022A685C5004AC914 /* main.cpp */ = {isa = PBXFileReference; lastKnownFileType = sourcecode.cpp.cpp; path = main.cpp; sourceTree = "<group>"; };
		14D96C0722A685ED004AC914 /* Point2D.h */ = {isa = PBXFileReference; lastKnownFileType = sourcecode.c.h; path = Point2D.h; sourceTree = "<group>"; };
		14D96C0822A68658004AC914 /* Point2D.cpp */ = {isa = PBXFileReference; lastKnownFileType = sourcecode.cpp.cpp; path = Point2D.cpp; sourceTree = "<group>"; };
		14D96C0A22A6875C004AC914 /* Point3D.cpp */ = {isa = PBXFileReference; lastKnownFileType = sourcecode.cpp.cpp; path = Point3D.cpp; sourceTree = "<group>"; };
		14D96C0C22A6876A004AC914 /* Point3D.h */ = {isa = PBXFileReference; lastKnownFileType = sourcecode.c.h; path = Point3D.h; sourceTree = "<group>"; };
		14D96C0D22A68960004AC914 /* Entity.h */ = {isa = PBXFileReference; lastKnownFileType = sourcecode.c.h; path = Entity.h; sourceTree = "<group>"; };
		14D96C0E22A68C29004AC914 /* Entity.cpp */ = {isa = PBXFileReference; lastKnownFileType = sourcecode.cpp.cpp; path = Entity.cpp; sourceTree = "<group>"; };
/* End PBXFileReference section */

/* Begin PBXFrameworksBuildPhase section */
		14D96BFA22A685C5004AC914 /* Frameworks */ = {
			isa = PBXFrameworksBuildPhase;
			buildActionMask = 2147483647;
			files = (
			);
			runOnlyForDeploymentPostprocessing = 0;
		};
/* End PBXFrameworksBuildPhase section */

/* Begin PBXGroup section */
		14D96BF422A685C5004AC914 = {
			isa = PBXGroup;
			children = (
				14D96BFF22A685C5004AC914 /* EntitySystem */,
				14D96BFE22A685C5004AC914 /* Products */,
			);
			sourceTree = "<group>";
		};
		14D96BFE22A685C5004AC914 /* Products */ = {
			isa = PBXGroup;
			children = (
				14D96BFD22A685C5004AC914 /* EntitySystem */,
			);
			name = Products;
			sourceTree = "<group>";
		};
		14D96BFF22A685C5004AC914 /* EntitySystem */ = {
			isa = PBXGroup;
			children = (
				14D96C0022A685C5004AC914 /* main.cpp */,
				14D96C0722A685ED004AC914 /* Point2D.h */,
				14D96C0822A68658004AC914 /* Point2D.cpp */,
				14D96C0C22A6876A004AC914 /* Point3D.h */,
				14D96C0A22A6875C004AC914 /* Point3D.cpp */,
				14D96C0D22A68960004AC914 /* Entity.h */,
				14D96C0E22A68C29004AC914 /* Entity.cpp */,
				14065E1522ABCC2800CEE09D /* Player.h */,
				14065E1622ABCD2200CEE09D /* Player.cpp */,
				14065E1822ABCE8A00CEE09D /* NPC.h */,
				14065E1922ABCEAE00CEE09D /* NPC.cpp */,
				14065E1B22ABCEC900CEE09D /* Mob.h */,
				14065E1C22ABCEFE00CEE09D /* Mob.cpp */,
				14065E1E22ABCF1300CEE09D /* Environment.h */,
				140AFE1F22AD75A800822847 /* Environment.cpp */,
			);
			path = EntitySystem;
			sourceTree = "<group>";
		};
/* End PBXGroup section */

/* Begin PBXNativeTarget section */
		14D96BFC22A685C5004AC914 /* EntitySystem */ = {
			isa = PBXNativeTarget;
			buildConfigurationList = 14D96C0422A685C5004AC914 /* Build configuration list for PBXNativeTarget "EntitySystem" */;
			buildPhases = (
				14D96BF922A685C5004AC914 /* Sources */,
				14D96BFA22A685C5004AC914 /* Frameworks */,
				14D96BFB22A685C5004AC914 /* CopyFiles */,
			);
			buildRules = (
			);
			dependencies = (
			);
			name = EntitySystem;
			productName = EntitySystem;
			productReference = 14D96BFD22A685C5004AC914 /* EntitySystem */;
			productType = "com.apple.product-type.tool";
		};
/* End PBXNativeTarget section */

/* Begin PBXProject section */
		14D96BF522A685C5004AC914 /* Project object */ = {
			isa = PBXProject;
			attributes = {
				LastUpgradeCheck = 1010;
				ORGANIZATIONNAME = "Zhivko Georgiev";
				TargetAttributes = {
					14D96BFC22A685C5004AC914 = {
						CreatedOnToolsVersion = 10.1;
					};
				};
			};
			buildConfigurationList = 14D96BF822A685C5004AC914 /* Build configuration list for PBXProject "EntitySystem" */;
			compatibilityVersion = "Xcode 9.3";
			developmentRegion = en;
			hasScannedForEncodings = 0;
			knownRegions = (
				en,
			);
			mainGroup = 14D96BF422A685C5004AC914;
			productRefGroup = 14D96BFE22A685C5004AC914 /* Products */;
			projectDirPath = "";
			projectRoot = "";
			targets = (
				14D96BFC22A685C5004AC914 /* EntitySystem */,
			);
		};
/* End PBXProject section */

/* Begin PBXSourcesBuildPhase section */
		14D96BF922A685C5004AC914 /* Sources */ = {
			isa = PBXSourcesBuildPhase;
			buildActionMask = 2147483647;
			files = (
				14D96C0F22A68C29004AC914 /* Entity.cpp in Sources */,
				14D96C0922A68658004AC914 /* Point2D.cpp in Sources */,
				14D96C0122A685C5004AC914 /* main.cpp in Sources */,
				14065E1A22ABCEAE00CEE09D /* NPC.cpp in Sources */,
				14D96C0B22A6875C004AC914 /* Point3D.cpp in Sources */,
				140AFE2022AD75A800822847 /* Environment.cpp in Sources */,
				14065E1D22ABCEFE00CEE09D /* Mob.cpp in Sources */,
				14065E1722ABCD2200CEE09D /* Player.cpp in Sources */,
			);
			runOnlyForDeploymentPostprocessing = 0;
		};
/* End PBXSourcesBuildPhase section */

/* Begin XCBuildConfiguration section */
		14D96C0222A685C5004AC914 /* Debug */ = {
			isa = XCBuildConfiguration;
			buildSettings = {
				ALWAYS_SEARCH_USER_PATHS = NO;
				CLANG_ANALYZER_NONNULL = YES;
				CLANG_ANALYZER_NUMBER_OBJECT_CONVERSION = YES_AGGRESSIVE;
				CLANG_CXX_LANGUAGE_STANDARD = "gnu++14";
				CLANG_CXX_LIBRARY = "libc++";
				CLANG_ENABLE_MODULES = YES;
				CLANG_ENABLE_OBJC_ARC = YES;
				CLANG_ENABLE_OBJC_WEAK = YES;
				CLANG_WARN_BLOCK_CAPTURE_AUTORELEASING = YES;
				CLANG_WARN_BOOL_CONVERSION = YES;
				CLANG_WARN_COMMA = YES;
				CLANG_WARN_CONSTANT_CONVERSION = YES;
				CLANG_WARN_DEPRECATED_OBJC_IMPLEMENTATIONS = YES;
				CLANG_WARN_DIRECT_OBJC_ISA_USAGE = YES_ERROR;
				CLANG_WARN_DOCUMENTATION_COMMENTS = YES;
				CLANG_WARN_EMPTY_BODY = YES;
				CLANG_WARN_ENUM_CONVERSION = YES;
				CLANG_WARN_INFINITE_RECURSION = YES;
				CLANG_WARN_INT_CONVERSION = YES;
				CLANG_WARN_NON_LITERAL_NULL_CONVERSION = YES;
				CLANG_WARN_OBJC_IMPLICIT_RETAIN_SELF = YES;
				CLANG_WARN_OBJC_LITERAL_CONVERSION = YES;
				CLANG_WARN_OBJC_ROOT_CLASS = YES_ERROR;
				CLANG_WARN_RANGE_LOOP_ANALYSIS = YES;
				CLANG_WARN_STRICT_PROTOTYPES = YES;
				CLANG_WARN_SUSPICIOUS_MOVE = YES;
				CLANG_WARN_UNGUARDED_AVAILABILITY = YES_AGGRESSIVE;
				CLANG_WARN_UNREACHABLE_CODE = YES;
				CLANG_WARN__DUPLICATE_METHOD_MATCH = YES;
				CODE_SIGN_IDENTITY = "-";
				COPY_PHASE_STRIP = NO;
				DEBUG_INFORMATION_FORMAT = dwarf;
				ENABLE_STRICT_OBJC_MSGSEND = YES;
				ENABLE_TESTABILITY = YES;
				GCC_C_LANGUAGE_STANDARD = gnu11;
				GCC_DYNAMIC_NO_PIC = NO;
				GCC_NO_COMMON_BLOCKS = YES;
				GCC_OPTIMIZATION_LEVEL = 0;
				GCC_PREPROCESSOR_DEFINITIONS = (
					"DEBUG=1",
					"$(inherited)",
				);
				GCC_WARN_64_TO_32_BIT_CONVERSION = YES;
				GCC_WARN_ABOUT_RETURN_TYPE = YES_ERROR;
				GCC_WARN_UNDECLARED_SELECTOR = YES;
				GCC_WARN_UNINITIALIZED_AUTOS = YES_AGGRESSIVE;
				GCC_WARN_UNUSED_FUNCTION = YES;
				GCC_WARN_UNUSED_VARIABLE = YES;
				MACOSX_DEPLOYMENT_TARGET = 10.13;
				MTL_ENABLE_DEBUG_INFO = INCLUDE_SOURCE;
				MTL_FAST_MATH = YES;
				ONLY_ACTIVE_ARCH = YES;
				SDKROOT = macosx;
			};
			name = Debug;
		};
		14D96C0322A685C5004AC914 /* Release */ = {
			isa = XCBuildConfiguration;
			buildSettings = {
				ALWAYS_SEARCH_USER_PATHS = NO;
				CLANG_ANALYZER_NONNULL = YES;
				CLANG_ANALYZER_NUMBER_OBJECT_CONVERSION = YES_AGGRESSIVE;
				CLANG_CXX_LANGUAGE_STANDARD = "gnu++14";
				CLANG_CXX_LIBRARY = "libc++";
				CLANG_ENABLE_MODULES = YES;
				CLANG_ENABLE_OBJC_ARC = YES;
				CLANG_ENABLE_OBJC_WEAK = YES;
				CLANG_WARN_BLOCK_CAPTURE_AUTORELEASING = YES;
				CLANG_WARN_BOOL_CONVERSION = YES;
				CLANG_WARN_COMMA = YES;
				CLANG_WARN_CONSTANT_CONVERSION = YES;
				CLANG_WARN_DEPRECATED_OBJC_IMPLEMENTATIONS = YES;
				CLANG_WARN_DIRECT_OBJC_ISA_USAGE = YES_ERROR;
				CLANG_WARN_DOCUMENTATION_COMMENTS = YES;
				CLANG_WARN_EMPTY_BODY = YES;
				CLANG_WARN_ENUM_CONVERSION = YES;
				CLANG_WARN_INFINITE_RECURSION = YES;
				CLANG_WARN_INT_CONVERSION = YES;
				CLANG_WARN_NON_LITERAL_NULL_CONVERSION = YES;
				CLANG_WARN_OBJC_IMPLICIT_RETAIN_SELF = YES;
				CLANG_WARN_OBJC_LITERAL_CONVERSION = YES;
				CLANG_WARN_OBJC_ROOT_CLASS = YES_ERROR;
				CLANG_WARN_RANGE_LOOP_ANALYSIS = YES;
				CLANG_WARN_STRICT_PROTOTYPES = YES;
				CLANG_WARN_SUSPICIOUS_MOVE = YES;
				CLANG_WARN_UNGUARDED_AVAILABILITY = YES_AGGRESSIVE;
				CLANG_WARN_UNREACHABLE_CODE = YES;
				CLANG_WARN__DUPLICATE_METHOD_MATCH = YES;
				CODE_SIGN_IDENTITY = "-";
				COPY_PHASE_STRIP = NO;
				DEBUG_INFORMATION_FORMAT = "dwarf-with-dsym";
				ENABLE_NS_ASSERTIONS = NO;
				ENABLE_STRICT_OBJC_MSGSEND = YES;
				GCC_C_LANGUAGE_STANDARD = gnu11;
				GCC_NO_COMMON_BLOCKS = YES;
				GCC_WARN_64_TO_32_BIT_CONVERSION = YES;
				GCC_WARN_ABOUT_RETURN_TYPE = YES_ERROR;
				GCC_WARN_UNDECLARED_SELECTOR = YES;
				GCC_WARN_UNINITIALIZED_AUTOS = YES_AGGRESSIVE;
				GCC_WARN_UNUSED_FUNCTION = YES;
				GCC_WARN_UNUSED_VARIABLE = YES;
				MACOSX_DEPLOYMENT_TARGET = 10.13;
				MTL_ENABLE_DEBUG_INFO = NO;
				MTL_FAST_MATH = YES;
				SDKROOT = macosx;
			};
			name = Release;
		};
		14D96C0522A685C5004AC914 /* Debug */ = {
			isa = XCBuildConfiguration;
			buildSettings = {
				CODE_SIGN_STYLE = Automatic;
				PRODUCT_NAME = "$(TARGET_NAME)";
			};
			name = Debug;
		};
		14D96C0622A685C5004AC914 /* Release */ = {
			isa = XCBuildConfiguration;
			buildSettings = {
				CODE_SIGN_STYLE = Automatic;
				PRODUCT_NAME = "$(TARGET_NAME)";
			};
			name = Release;
		};
/* End XCBuildConfiguration section */

/* Begin XCConfigurationList section */
		14D96BF822A685C5004AC914 /* Build configuration list for PBXProject "EntitySystem" */ = {
			isa = XCConfigurationList;
			buildConfigurations = (
				14D96C0222A685C5004AC914 /* Debug */,
				14D96C0322A685C5004AC914 /* Release */,
			);
			defaultConfigurationIsVisible = 0;
			defaultConfigurationName = Release;
		};
		14D96C0422A685C5004AC914 /* Build configuration list for PBXNativeTarget "EntitySystem" */ = {
			isa = XCConfigurationList;
			buildConfigurations = (
				14D96C0522A685C5004AC914 /* Debug */,
				14D96C0622A685C5004AC914 /* Release */,
			);
			defaultConfigurationIsVisible = 0;
			defaultConfigurationName = Release;
		};
/* End XCConfigurationList section */
	};
	rootObject = 14D96BF522A685C5004AC914 /* Project object */;
}
