// !$*UTF8*$!
{
	archiveVersion = 1;
	classes = {
	};
	objectVersion = 50;
	objects = {

/* Begin PBXBuildFile section */
		14A5D9D62289C69000311FBB /* main.cpp in Sources */ = {isa = PBXBuildFile; fileRef = 14A5D9D52289C69000311FBB /* main.cpp */; };
		14A5D9DE2289C96A00311FBB /* GameCharacter.cpp in Sources */ = {isa = PBXBuildFile; fileRef = 14A5D9DD2289C96A00311FBB /* GameCharacter.cpp */; };
		14A5D9E12289CDF600311FBB /* Warrior.cpp in Sources */ = {isa = PBXBuildFile; fileRef = 14A5D9E02289CDF600311FBB /* Warrior.cpp */; };
		14A5D9E52289CF3B00311FBB /* Guardian.cpp in Sources */ = {isa = PBXBuildFile; fileRef = 14A5D9E42289CF3B00311FBB /* Guardian.cpp */; };
		14A5D9E82289D0DF00311FBB /* Wizard.cpp in Sources */ = {isa = PBXBuildFile; fileRef = 14A5D9E72289D0DF00311FBB /* Wizard.cpp */; };
/* End PBXBuildFile section */

/* Begin PBXCopyFilesBuildPhase section */
		14A5D9D02289C69000311FBB /* CopyFiles */ = {
			isa = PBXCopyFilesBuildPhase;
			buildActionMask = 2147483647;
			dstPath = /usr/share/man/man1/;
			dstSubfolderSpec = 0;
			files = (
			);
			runOnlyForDeploymentPostprocessing = 1;
		};
/* End PBXCopyFilesBuildPhase section */

/* Begin PBXFileReference section */
		14A5D9D22289C69000311FBB /* MMORPG */ = {isa = PBXFileReference; explicitFileType = "compiled.mach-o.executable"; includeInIndex = 0; path = MMORPG; sourceTree = BUILT_PRODUCTS_DIR; };
		14A5D9D52289C69000311FBB /* main.cpp */ = {isa = PBXFileReference; lastKnownFileType = sourcecode.cpp.cpp; path = main.cpp; sourceTree = "<group>"; };
		14A5D9DC2289C6B900311FBB /* GameCharacter.h */ = {isa = PBXFileReference; lastKnownFileType = sourcecode.c.h; path = GameCharacter.h; sourceTree = "<group>"; };
		14A5D9DD2289C96A00311FBB /* GameCharacter.cpp */ = {isa = PBXFileReference; lastKnownFileType = sourcecode.cpp.cpp; path = GameCharacter.cpp; sourceTree = "<group>"; };
		14A5D9DF2289CDDB00311FBB /* Warrior.h */ = {isa = PBXFileReference; lastKnownFileType = sourcecode.c.h; path = Warrior.h; sourceTree = "<group>"; };
		14A5D9E02289CDF600311FBB /* Warrior.cpp */ = {isa = PBXFileReference; lastKnownFileType = sourcecode.cpp.cpp; path = Warrior.cpp; sourceTree = "<group>"; };
		14A5D9E22289CF1D00311FBB /* Guardian.h */ = {isa = PBXFileReference; lastKnownFileType = sourcecode.c.h; path = Guardian.h; sourceTree = "<group>"; };
		14A5D9E42289CF3B00311FBB /* Guardian.cpp */ = {isa = PBXFileReference; lastKnownFileType = sourcecode.cpp.cpp; path = Guardian.cpp; sourceTree = "<group>"; };
		14A5D9E62289D0CF00311FBB /* Wizard.h */ = {isa = PBXFileReference; lastKnownFileType = sourcecode.c.h; path = Wizard.h; sourceTree = "<group>"; };
		14A5D9E72289D0DF00311FBB /* Wizard.cpp */ = {isa = PBXFileReference; lastKnownFileType = sourcecode.cpp.cpp; path = Wizard.cpp; sourceTree = "<group>"; };
/* End PBXFileReference section */

/* Begin PBXFrameworksBuildPhase section */
		14A5D9CF2289C69000311FBB /* Frameworks */ = {
			isa = PBXFrameworksBuildPhase;
			buildActionMask = 2147483647;
			files = (
			);
			runOnlyForDeploymentPostprocessing = 0;
		};
/* End PBXFrameworksBuildPhase section */

/* Begin PBXGroup section */
		14A5D9C92289C69000311FBB = {
			isa = PBXGroup;
			children = (
				14A5D9D42289C69000311FBB /* MMORPG */,
				14A5D9D32289C69000311FBB /* Products */,
			);
			sourceTree = "<group>";
		};
		14A5D9D32289C69000311FBB /* Products */ = {
			isa = PBXGroup;
			children = (
				14A5D9D22289C69000311FBB /* MMORPG */,
			);
			name = Products;
			sourceTree = "<group>";
		};
		14A5D9D42289C69000311FBB /* MMORPG */ = {
			isa = PBXGroup;
			children = (
				14A5D9D52289C69000311FBB /* main.cpp */,
				14A5D9DC2289C6B900311FBB /* GameCharacter.h */,
				14A5D9DD2289C96A00311FBB /* GameCharacter.cpp */,
				14A5D9DF2289CDDB00311FBB /* Warrior.h */,
				14A5D9E02289CDF600311FBB /* Warrior.cpp */,
				14A5D9E22289CF1D00311FBB /* Guardian.h */,
				14A5D9E42289CF3B00311FBB /* Guardian.cpp */,
				14A5D9E62289D0CF00311FBB /* Wizard.h */,
				14A5D9E72289D0DF00311FBB /* Wizard.cpp */,
			);
			path = MMORPG;
			sourceTree = "<group>";
		};
/* End PBXGroup section */

/* Begin PBXNativeTarget section */
		14A5D9D12289C69000311FBB /* MMORPG */ = {
			isa = PBXNativeTarget;
			buildConfigurationList = 14A5D9D92289C69000311FBB /* Build configuration list for PBXNativeTarget "MMORPG" */;
			buildPhases = (
				14A5D9CE2289C69000311FBB /* Sources */,
				14A5D9CF2289C69000311FBB /* Frameworks */,
				14A5D9D02289C69000311FBB /* CopyFiles */,
			);
			buildRules = (
			);
			dependencies = (
			);
			name = MMORPG;
			productName = MMORPG;
			productReference = 14A5D9D22289C69000311FBB /* MMORPG */;
			productType = "com.apple.product-type.tool";
		};
/* End PBXNativeTarget section */

/* Begin PBXProject section */
		14A5D9CA2289C69000311FBB /* Project object */ = {
			isa = PBXProject;
			attributes = {
				LastUpgradeCheck = 1010;
				ORGANIZATIONNAME = "Zhivko Georgiev";
				TargetAttributes = {
					14A5D9D12289C69000311FBB = {
						CreatedOnToolsVersion = 10.1;
					};
				};
			};
			buildConfigurationList = 14A5D9CD2289C69000311FBB /* Build configuration list for PBXProject "MMORPG" */;
			compatibilityVersion = "Xcode 9.3";
			developmentRegion = en;
			hasScannedForEncodings = 0;
			knownRegions = (
				en,
			);
			mainGroup = 14A5D9C92289C69000311FBB;
			productRefGroup = 14A5D9D32289C69000311FBB /* Products */;
			projectDirPath = "";
			projectRoot = "";
			targets = (
				14A5D9D12289C69000311FBB /* MMORPG */,
			);
		};
/* End PBXProject section */

/* Begin PBXSourcesBuildPhase section */
		14A5D9CE2289C69000311FBB /* Sources */ = {
			isa = PBXSourcesBuildPhase;
			buildActionMask = 2147483647;
			files = (
				14A5D9E82289D0DF00311FBB /* Wizard.cpp in Sources */,
				14A5D9E52289CF3B00311FBB /* Guardian.cpp in Sources */,
				14A5D9D62289C69000311FBB /* main.cpp in Sources */,
				14A5D9DE2289C96A00311FBB /* GameCharacter.cpp in Sources */,
				14A5D9E12289CDF600311FBB /* Warrior.cpp in Sources */,
			);
			runOnlyForDeploymentPostprocessing = 0;
		};
/* End PBXSourcesBuildPhase section */

/* Begin XCBuildConfiguration section */
		14A5D9D72289C69000311FBB /* Debug */ = {
			isa = XCBuildConfiguration;
			buildSettings = {
				ALWAYS_SEARCH_USER_PATHS = NO;
				CLANG_ANALYZER_NONNULL = YES;
				CLANG_ANALYZER_NUMBER_OBJECT_CONVERSION = YES_AGGRESSIVE;
				CLANG_CXX_LANGUAGE_STANDARD = "gnu++14";
				CLANG_CXX_LIBRARY = "libc++";
				CLANG_ENABLE_MODULES = YES;
				CLANG_ENABLE_OBJC_ARC = YES;
				CLANG_ENABLE_OBJC_WEAK = YES;
				CLANG_WARN_BLOCK_CAPTURE_AUTORELEASING = YES;
				CLANG_WARN_BOOL_CONVERSION = YES;
				CLANG_WARN_COMMA = YES;
				CLANG_WARN_CONSTANT_CONVERSION = YES;
				CLANG_WARN_DEPRECATED_OBJC_IMPLEMENTATIONS = YES;
				CLANG_WARN_DIRECT_OBJC_ISA_USAGE = YES_ERROR;
				CLANG_WARN_DOCUMENTATION_COMMENTS = YES;
				CLANG_WARN_EMPTY_BODY = YES;
				CLANG_WARN_ENUM_CONVERSION = YES;
				CLANG_WARN_INFINITE_RECURSION = YES;
				CLANG_WARN_INT_CONVERSION = YES;
				CLANG_WARN_NON_LITERAL_NULL_CONVERSION = YES;
				CLANG_WARN_OBJC_IMPLICIT_RETAIN_SELF = YES;
				CLANG_WARN_OBJC_LITERAL_CONVERSION = YES;
				CLANG_WARN_OBJC_ROOT_CLASS = YES_ERROR;
				CLANG_WARN_RANGE_LOOP_ANALYSIS = YES;
				CLANG_WARN_STRICT_PROTOTYPES = YES;
				CLANG_WARN_SUSPICIOUS_MOVE = YES;
				CLANG_WARN_UNGUARDED_AVAILABILITY = YES_AGGRESSIVE;
				CLANG_WARN_UNREACHABLE_CODE = YES;
				CLANG_WARN__DUPLICATE_METHOD_MATCH = YES;
				CODE_SIGN_IDENTITY = "-";
				COPY_PHASE_STRIP = NO;
				DEBUG_INFORMATION_FORMAT = dwarf;
				ENABLE_STRICT_OBJC_MSGSEND = YES;
				ENABLE_TESTABILITY = YES;
				GCC_C_LANGUAGE_STANDARD = gnu11;
				GCC_DYNAMIC_NO_PIC = NO;
				GCC_NO_COMMON_BLOCKS = YES;
				GCC_OPTIMIZATION_LEVEL = 0;
				GCC_PREPROCESSOR_DEFINITIONS = (
					"DEBUG=1",
					"$(inherited)",
				);
				GCC_WARN_64_TO_32_BIT_CONVERSION = YES;
				GCC_WARN_ABOUT_RETURN_TYPE = YES_ERROR;
				GCC_WARN_UNDECLARED_SELECTOR = YES;
				GCC_WARN_UNINITIALIZED_AUTOS = YES_AGGRESSIVE;
				GCC_WARN_UNUSED_FUNCTION = YES;
				GCC_WARN_UNUSED_VARIABLE = YES;
				MACOSX_DEPLOYMENT_TARGET = 10.13;
				MTL_ENABLE_DEBUG_INFO = INCLUDE_SOURCE;
				MTL_FAST_MATH = YES;
				ONLY_ACTIVE_ARCH = YES;
				SDKROOT = macosx;
			};
			name = Debug;
		};
		14A5D9D82289C69000311FBB /* Release */ = {
			isa = XCBuildConfiguration;
			buildSettings = {
				ALWAYS_SEARCH_USER_PATHS = NO;
				CLANG_ANALYZER_NONNULL = YES;
				CLANG_ANALYZER_NUMBER_OBJECT_CONVERSION = YES_AGGRESSIVE;
				CLANG_CXX_LANGUAGE_STANDARD = "gnu++14";
				CLANG_CXX_LIBRARY = "libc++";
				CLANG_ENABLE_MODULES = YES;
				CLANG_ENABLE_OBJC_ARC = YES;
				CLANG_ENABLE_OBJC_WEAK = YES;
				CLANG_WARN_BLOCK_CAPTURE_AUTORELEASING = YES;
				CLANG_WARN_BOOL_CONVERSION = YES;
				CLANG_WARN_COMMA = YES;
				CLANG_WARN_CONSTANT_CONVERSION = YES;
				CLANG_WARN_DEPRECATED_OBJC_IMPLEMENTATIONS = YES;
				CLANG_WARN_DIRECT_OBJC_ISA_USAGE = YES_ERROR;
				CLANG_WARN_DOCUMENTATION_COMMENTS = YES;
				CLANG_WARN_EMPTY_BODY = YES;
				CLANG_WARN_ENUM_CONVERSION = YES;
				CLANG_WARN_INFINITE_RECURSION = YES;
				CLANG_WARN_INT_CONVERSION = YES;
				CLANG_WARN_NON_LITERAL_NULL_CONVERSION = YES;
				CLANG_WARN_OBJC_IMPLICIT_RETAIN_SELF = YES;
				CLANG_WARN_OBJC_LITERAL_CONVERSION = YES;
				CLANG_WARN_OBJC_ROOT_CLASS = YES_ERROR;
				CLANG_WARN_RANGE_LOOP_ANALYSIS = YES;
				CLANG_WARN_STRICT_PROTOTYPES = YES;
				CLANG_WARN_SUSPICIOUS_MOVE = YES;
				CLANG_WARN_UNGUARDED_AVAILABILITY = YES_AGGRESSIVE;
				CLANG_WARN_UNREACHABLE_CODE = YES;
				CLANG_WARN__DUPLICATE_METHOD_MATCH = YES;
				CODE_SIGN_IDENTITY = "-";
				COPY_PHASE_STRIP = NO;
				DEBUG_INFORMATION_FORMAT = "dwarf-with-dsym";
				ENABLE_NS_ASSERTIONS = NO;
				ENABLE_STRICT_OBJC_MSGSEND = YES;
				GCC_C_LANGUAGE_STANDARD = gnu11;
				GCC_NO_COMMON_BLOCKS = YES;
				GCC_WARN_64_TO_32_BIT_CONVERSION = YES;
				GCC_WARN_ABOUT_RETURN_TYPE = YES_ERROR;
				GCC_WARN_UNDECLARED_SELECTOR = YES;
				GCC_WARN_UNINITIALIZED_AUTOS = YES_AGGRESSIVE;
				GCC_WARN_UNUSED_FUNCTION = YES;
				GCC_WARN_UNUSED_VARIABLE = YES;
				MACOSX_DEPLOYMENT_TARGET = 10.13;
				MTL_ENABLE_DEBUG_INFO = NO;
				MTL_FAST_MATH = YES;
				SDKROOT = macosx;
			};
			name = Release;
		};
		14A5D9DA2289C69000311FBB /* Debug */ = {
			isa = XCBuildConfiguration;
			buildSettings = {
				CODE_SIGN_STYLE = Automatic;
				PRODUCT_NAME = "$(TARGET_NAME)";
			};
			name = Debug;
		};
		14A5D9DB2289C69000311FBB /* Release */ = {
			isa = XCBuildConfiguration;
			buildSettings = {
				CODE_SIGN_STYLE = Automatic;
				PRODUCT_NAME = "$(TARGET_NAME)";
			};
			name = Release;
		};
/* End XCBuildConfiguration section */

/* Begin XCConfigurationList section */
		14A5D9CD2289C69000311FBB /* Build configuration list for PBXProject "MMORPG" */ = {
			isa = XCConfigurationList;
			buildConfigurations = (
				14A5D9D72289C69000311FBB /* Debug */,
				14A5D9D82289C69000311FBB /* Release */,
			);
			defaultConfigurationIsVisible = 0;
			defaultConfigurationName = Release;
		};
		14A5D9D92289C69000311FBB /* Build configuration list for PBXNativeTarget "MMORPG" */ = {
			isa = XCConfigurationList;
			buildConfigurations = (
				14A5D9DA2289C69000311FBB /* Debug */,
				14A5D9DB2289C69000311FBB /* Release */,
			);
			defaultConfigurationIsVisible = 0;
			defaultConfigurationName = Release;
		};
/* End XCConfigurationList section */
	};
	rootObject = 14A5D9CA2289C69000311FBB /* Project object */;
}
