// !$*UTF8*$!
{
	archiveVersion = 1;
	classes = {
	};
	objectVersion = 50;
	objects = {

/* Begin PBXBuildFile section */
		142A2D1022A4042B005BA6B4 /* Line.cpp in Sources */ = {isa = PBXBuildFile; fileRef = 142A2D0F22A4042B005BA6B4 /* Line.cpp */; };
		142A2D1322A40C46005BA6B4 /* Rectangle.cpp in Sources */ = {isa = PBXBuildFile; fileRef = 142A2D1222A40C46005BA6B4 /* Rectangle.cpp */; };
		1465B3CF22BCF1BD0090A084 /* XMLParser.cpp in Sources */ = {isa = PBXBuildFile; fileRef = 1465B3CE22BCF1BD0090A084 /* XMLParser.cpp */; };
		14706237229E92A90004906E /* main.cpp in Sources */ = {isa = PBXBuildFile; fileRef = 14706236229E92A90004906E /* main.cpp */; };
		1470623F229E92D10004906E /* BasicShape.cpp in Sources */ = {isa = PBXBuildFile; fileRef = 1470623E229E92D10004906E /* BasicShape.cpp */; };
		14CC7C5222B79FC000DE2B8F /* UserInterface.cpp in Sources */ = {isa = PBXBuildFile; fileRef = 14CC7C5122B79FC000DE2B8F /* UserInterface.cpp */; };
		14CC7C5522B7B25E00DE2B8F /* ShapeCreator.cpp in Sources */ = {isa = PBXBuildFile; fileRef = 14CC7C5422B7B25E00DE2B8F /* ShapeCreator.cpp */; };
		14D96C1122A68EE0004AC914 /* Circle.cpp in Sources */ = {isa = PBXBuildFile; fileRef = 14D96C1022A68EE0004AC914 /* Circle.cpp */; };
/* End PBXBuildFile section */

/* Begin PBXCopyFilesBuildPhase section */
		14706231229E92A90004906E /* CopyFiles */ = {
			isa = PBXCopyFilesBuildPhase;
			buildActionMask = 2147483647;
			dstPath = /usr/share/man/man1/;
			dstSubfolderSpec = 0;
			files = (
			);
			runOnlyForDeploymentPostprocessing = 1;
		};
/* End PBXCopyFilesBuildPhase section */

/* Begin PBXFileReference section */
		141D4B9522BEE2BA00EBDC67 /* rapidxml.hpp */ = {isa = PBXFileReference; fileEncoding = 4; lastKnownFileType = sourcecode.cpp.h; name = rapidxml.hpp; path = "../../../../../Downloads/rapidxml-1.13/rapidxml.hpp"; sourceTree = "<group>"; };
		141D4B9622BEE2BA00EBDC67 /* rapidxml_utils.hpp */ = {isa = PBXFileReference; fileEncoding = 4; lastKnownFileType = sourcecode.cpp.h; name = rapidxml_utils.hpp; path = "../../../../../Downloads/rapidxml-1.13/rapidxml_utils.hpp"; sourceTree = "<group>"; };
		141D4B9722BEE2BA00EBDC67 /* rapidxml_iterators.hpp */ = {isa = PBXFileReference; fileEncoding = 4; lastKnownFileType = sourcecode.cpp.h; name = rapidxml_iterators.hpp; path = "../../../../../Downloads/rapidxml-1.13/rapidxml_iterators.hpp"; sourceTree = "<group>"; };
		141D4B9822BEE2BA00EBDC67 /* rapidxml_print.hpp */ = {isa = PBXFileReference; fileEncoding = 4; lastKnownFileType = sourcecode.cpp.h; name = rapidxml_print.hpp; path = "../../../../../Downloads/rapidxml-1.13/rapidxml_print.hpp"; sourceTree = "<group>"; };
		142A2D0F22A4042B005BA6B4 /* Line.cpp */ = {isa = PBXFileReference; lastKnownFileType = sourcecode.cpp.cpp; path = Line.cpp; sourceTree = "<group>"; };
		142A2D1122A408DB005BA6B4 /* Rectangle.h */ = {isa = PBXFileReference; lastKnownFileType = sourcecode.c.h; path = Rectangle.h; sourceTree = "<group>"; };
		142A2D1222A40C46005BA6B4 /* Rectangle.cpp */ = {isa = PBXFileReference; lastKnownFileType = sourcecode.cpp.cpp; path = Rectangle.cpp; sourceTree = "<group>"; };
		142A2D1422A40FF4005BA6B4 /* Circle.h */ = {isa = PBXFileReference; lastKnownFileType = sourcecode.c.h; path = Circle.h; sourceTree = "<group>"; };
		1465B3CD22BCEEB10090A084 /* XMLParser.h */ = {isa = PBXFileReference; lastKnownFileType = sourcecode.c.h; path = XMLParser.h; sourceTree = "<group>"; };
		1465B3CE22BCF1BD0090A084 /* XMLParser.cpp */ = {isa = PBXFileReference; lastKnownFileType = sourcecode.cpp.cpp; path = XMLParser.cpp; sourceTree = "<group>"; };
		14706233229E92A90004906E /* SVG_Project */ = {isa = PBXFileReference; explicitFileType = "compiled.mach-o.executable"; includeInIndex = 0; path = SVG_Project; sourceTree = BUILT_PRODUCTS_DIR; };
		14706236229E92A90004906E /* main.cpp */ = {isa = PBXFileReference; lastKnownFileType = sourcecode.cpp.cpp; path = main.cpp; sourceTree = "<group>"; };
		1470623D229E92C20004906E /* BasicShape.h */ = {isa = PBXFileReference; lastKnownFileType = sourcecode.c.h; path = BasicShape.h; sourceTree = "<group>"; };
		1470623E229E92D10004906E /* BasicShape.cpp */ = {isa = PBXFileReference; lastKnownFileType = sourcecode.cpp.cpp; path = BasicShape.cpp; sourceTree = "<group>"; };
		14706244229E96370004906E /* Line.h */ = {isa = PBXFileReference; lastKnownFileType = sourcecode.c.h; path = Line.h; sourceTree = "<group>"; };
		14CC7C5122B79FC000DE2B8F /* UserInterface.cpp */ = {isa = PBXFileReference; lastKnownFileType = sourcecode.cpp.cpp; path = UserInterface.cpp; sourceTree = "<group>"; };
		14CC7C5322B7B20900DE2B8F /* ShapeCreator.h */ = {isa = PBXFileReference; lastKnownFileType = sourcecode.c.h; path = ShapeCreator.h; sourceTree = "<group>"; };
		14CC7C5422B7B25E00DE2B8F /* ShapeCreator.cpp */ = {isa = PBXFileReference; lastKnownFileType = sourcecode.cpp.cpp; path = ShapeCreator.cpp; sourceTree = "<group>"; };
		14D96C1022A68EE0004AC914 /* Circle.cpp */ = {isa = PBXFileReference; lastKnownFileType = sourcecode.cpp.cpp; path = Circle.cpp; sourceTree = "<group>"; };
		14D96C1222A6E20D004AC914 /* UserInterface.h */ = {isa = PBXFileReference; lastKnownFileType = sourcecode.c.h; path = UserInterface.h; sourceTree = "<group>"; };
/* End PBXFileReference section */

/* Begin PBXFrameworksBuildPhase section */
		14706230229E92A90004906E /* Frameworks */ = {
			isa = PBXFrameworksBuildPhase;
			buildActionMask = 2147483647;
			files = (
			);
			runOnlyForDeploymentPostprocessing = 0;
		};
/* End PBXFrameworksBuildPhase section */

/* Begin PBXGroup section */
		1470622A229E92A90004906E = {
			isa = PBXGroup;
			children = (
				14706235229E92A90004906E /* SVG_Project */,
				14706234229E92A90004906E /* Products */,
			);
			sourceTree = "<group>";
		};
		14706234229E92A90004906E /* Products */ = {
			isa = PBXGroup;
			children = (
				14706233229E92A90004906E /* SVG_Project */,
			);
			name = Products;
			sourceTree = "<group>";
		};
		14706235229E92A90004906E /* SVG_Project */ = {
			isa = PBXGroup;
			children = (
				141D4B9722BEE2BA00EBDC67 /* rapidxml_iterators.hpp */,
				141D4B9822BEE2BA00EBDC67 /* rapidxml_print.hpp */,
				141D4B9622BEE2BA00EBDC67 /* rapidxml_utils.hpp */,
				141D4B9522BEE2BA00EBDC67 /* rapidxml.hpp */,
				14706236229E92A90004906E /* main.cpp */,
				1470623D229E92C20004906E /* BasicShape.h */,
				1470623E229E92D10004906E /* BasicShape.cpp */,
				14706244229E96370004906E /* Line.h */,
				142A2D0F22A4042B005BA6B4 /* Line.cpp */,
				142A2D1122A408DB005BA6B4 /* Rectangle.h */,
				142A2D1222A40C46005BA6B4 /* Rectangle.cpp */,
				142A2D1422A40FF4005BA6B4 /* Circle.h */,
				14D96C1022A68EE0004AC914 /* Circle.cpp */,
				14D96C1222A6E20D004AC914 /* UserInterface.h */,
				14CC7C5122B79FC000DE2B8F /* UserInterface.cpp */,
				14CC7C5322B7B20900DE2B8F /* ShapeCreator.h */,
				14CC7C5422B7B25E00DE2B8F /* ShapeCreator.cpp */,
				1465B3CD22BCEEB10090A084 /* XMLParser.h */,
				1465B3CE22BCF1BD0090A084 /* XMLParser.cpp */,
			);
			path = SVG_Project;
			sourceTree = "<group>";
		};
/* End PBXGroup section */

/* Begin PBXNativeTarget section */
		14706232229E92A90004906E /* SVG_Project */ = {
			isa = PBXNativeTarget;
			buildConfigurationList = 1470623A229E92A90004906E /* Build configuration list for PBXNativeTarget "SVG_Project" */;
			buildPhases = (
				1470622F229E92A90004906E /* Sources */,
				14706230229E92A90004906E /* Frameworks */,
				14706231229E92A90004906E /* CopyFiles */,
			);
			buildRules = (
			);
			dependencies = (
			);
			name = SVG_Project;
			productName = SVG_Project;
			productReference = 14706233229E92A90004906E /* SVG_Project */;
			productType = "com.apple.product-type.tool";
		};
/* End PBXNativeTarget section */

/* Begin PBXProject section */
		1470622B229E92A90004906E /* Project object */ = {
			isa = PBXProject;
			attributes = {
				LastUpgradeCheck = 1010;
				ORGANIZATIONNAME = "Zhivko Georgiev";
				TargetAttributes = {
					14706232229E92A90004906E = {
						CreatedOnToolsVersion = 10.1;
					};
				};
			};
			buildConfigurationList = 1470622E229E92A90004906E /* Build configuration list for PBXProject "SVG_Project" */;
			compatibilityVersion = "Xcode 9.3";
			developmentRegion = en;
			hasScannedForEncodings = 0;
			knownRegions = (
				en,
			);
			mainGroup = 1470622A229E92A90004906E;
			productRefGroup = 14706234229E92A90004906E /* Products */;
			projectDirPath = "";
			projectRoot = "";
			targets = (
				14706232229E92A90004906E /* SVG_Project */,
			);
		};
/* End PBXProject section */

/* Begin PBXSourcesBuildPhase section */
		1470622F229E92A90004906E /* Sources */ = {
			isa = PBXSourcesBuildPhase;
			buildActionMask = 2147483647;
			files = (
				14CC7C5222B79FC000DE2B8F /* UserInterface.cpp in Sources */,
				142A2D1022A4042B005BA6B4 /* Line.cpp in Sources */,
				14D96C1122A68EE0004AC914 /* Circle.cpp in Sources */,
				1470623F229E92D10004906E /* BasicShape.cpp in Sources */,
				1465B3CF22BCF1BD0090A084 /* XMLParser.cpp in Sources */,
				14CC7C5522B7B25E00DE2B8F /* ShapeCreator.cpp in Sources */,
				14706237229E92A90004906E /* main.cpp in Sources */,
				142A2D1322A40C46005BA6B4 /* Rectangle.cpp in Sources */,
			);
			runOnlyForDeploymentPostprocessing = 0;
		};
/* End PBXSourcesBuildPhase section */

/* Begin XCBuildConfiguration section */
		14706238229E92A90004906E /* Debug */ = {
			isa = XCBuildConfiguration;
			buildSettings = {
				ALWAYS_SEARCH_USER_PATHS = NO;
				CLANG_ANALYZER_NONNULL = YES;
				CLANG_ANALYZER_NUMBER_OBJECT_CONVERSION = YES_AGGRESSIVE;
				CLANG_CXX_LANGUAGE_STANDARD = "gnu++14";
				CLANG_CXX_LIBRARY = "libc++";
				CLANG_ENABLE_MODULES = YES;
				CLANG_ENABLE_OBJC_ARC = YES;
				CLANG_ENABLE_OBJC_WEAK = YES;
				CLANG_WARN_BLOCK_CAPTURE_AUTORELEASING = YES;
				CLANG_WARN_BOOL_CONVERSION = YES;
				CLANG_WARN_COMMA = YES;
				CLANG_WARN_CONSTANT_CONVERSION = YES;
				CLANG_WARN_DEPRECATED_OBJC_IMPLEMENTATIONS = YES;
				CLANG_WARN_DIRECT_OBJC_ISA_USAGE = YES_ERROR;
				CLANG_WARN_DOCUMENTATION_COMMENTS = YES;
				CLANG_WARN_EMPTY_BODY = YES;
				CLANG_WARN_ENUM_CONVERSION = YES;
				CLANG_WARN_INFINITE_RECURSION = YES;
				CLANG_WARN_INT_CONVERSION = YES;
				CLANG_WARN_NON_LITERAL_NULL_CONVERSION = YES;
				CLANG_WARN_OBJC_IMPLICIT_RETAIN_SELF = YES;
				CLANG_WARN_OBJC_LITERAL_CONVERSION = YES;
				CLANG_WARN_OBJC_ROOT_CLASS = YES_ERROR;
				CLANG_WARN_RANGE_LOOP_ANALYSIS = YES;
				CLANG_WARN_STRICT_PROTOTYPES = YES;
				CLANG_WARN_SUSPICIOUS_MOVE = YES;
				CLANG_WARN_UNGUARDED_AVAILABILITY = YES_AGGRESSIVE;
				CLANG_WARN_UNREACHABLE_CODE = YES;
				CLANG_WARN__DUPLICATE_METHOD_MATCH = YES;
				CODE_SIGN_IDENTITY = "-";
				COPY_PHASE_STRIP = NO;
				DEBUG_INFORMATION_FORMAT = dwarf;
				ENABLE_STRICT_OBJC_MSGSEND = YES;
				ENABLE_TESTABILITY = YES;
				GCC_C_LANGUAGE_STANDARD = gnu11;
				GCC_DYNAMIC_NO_PIC = NO;
				GCC_NO_COMMON_BLOCKS = YES;
				GCC_OPTIMIZATION_LEVEL = 0;
				GCC_PREPROCESSOR_DEFINITIONS = (
					"DEBUG=1",
					"$(inherited)",
				);
				GCC_WARN_64_TO_32_BIT_CONVERSION = YES;
				GCC_WARN_ABOUT_RETURN_TYPE = YES_ERROR;
				GCC_WARN_UNDECLARED_SELECTOR = YES;
				GCC_WARN_UNINITIALIZED_AUTOS = YES_AGGRESSIVE;
				GCC_WARN_UNUSED_FUNCTION = YES;
				GCC_WARN_UNUSED_VARIABLE = YES;
				MACOSX_DEPLOYMENT_TARGET = 10.13;
				MTL_ENABLE_DEBUG_INFO = INCLUDE_SOURCE;
				MTL_FAST_MATH = YES;
				ONLY_ACTIVE_ARCH = YES;
				SDKROOT = macosx;
			};
			name = Debug;
		};
		14706239229E92A90004906E /* Release */ = {
			isa = XCBuildConfiguration;
			buildSettings = {
				ALWAYS_SEARCH_USER_PATHS = NO;
				CLANG_ANALYZER_NONNULL = YES;
				CLANG_ANALYZER_NUMBER_OBJECT_CONVERSION = YES_AGGRESSIVE;
				CLANG_CXX_LANGUAGE_STANDARD = "gnu++14";
				CLANG_CXX_LIBRARY = "libc++";
				CLANG_ENABLE_MODULES = YES;
				CLANG_ENABLE_OBJC_ARC = YES;
				CLANG_ENABLE_OBJC_WEAK = YES;
				CLANG_WARN_BLOCK_CAPTURE_AUTORELEASING = YES;
				CLANG_WARN_BOOL_CONVERSION = YES;
				CLANG_WARN_COMMA = YES;
				CLANG_WARN_CONSTANT_CONVERSION = YES;
				CLANG_WARN_DEPRECATED_OBJC_IMPLEMENTATIONS = YES;
				CLANG_WARN_DIRECT_OBJC_ISA_USAGE = YES_ERROR;
				CLANG_WARN_DOCUMENTATION_COMMENTS = YES;
				CLANG_WARN_EMPTY_BODY = YES;
				CLANG_WARN_ENUM_CONVERSION = YES;
				CLANG_WARN_INFINITE_RECURSION = YES;
				CLANG_WARN_INT_CONVERSION = YES;
				CLANG_WARN_NON_LITERAL_NULL_CONVERSION = YES;
				CLANG_WARN_OBJC_IMPLICIT_RETAIN_SELF = YES;
				CLANG_WARN_OBJC_LITERAL_CONVERSION = YES;
				CLANG_WARN_OBJC_ROOT_CLASS = YES_ERROR;
				CLANG_WARN_RANGE_LOOP_ANALYSIS = YES;
				CLANG_WARN_STRICT_PROTOTYPES = YES;
				CLANG_WARN_SUSPICIOUS_MOVE = YES;
				CLANG_WARN_UNGUARDED_AVAILABILITY = YES_AGGRESSIVE;
				CLANG_WARN_UNREACHABLE_CODE = YES;
				CLANG_WARN__DUPLICATE_METHOD_MATCH = YES;
				CODE_SIGN_IDENTITY = "-";
				COPY_PHASE_STRIP = NO;
				DEBUG_INFORMATION_FORMAT = "dwarf-with-dsym";
				ENABLE_NS_ASSERTIONS = NO;
				ENABLE_STRICT_OBJC_MSGSEND = YES;
				GCC_C_LANGUAGE_STANDARD = gnu11;
				GCC_NO_COMMON_BLOCKS = YES;
				GCC_WARN_64_TO_32_BIT_CONVERSION = YES;
				GCC_WARN_ABOUT_RETURN_TYPE = YES_ERROR;
				GCC_WARN_UNDECLARED_SELECTOR = YES;
				GCC_WARN_UNINITIALIZED_AUTOS = YES_AGGRESSIVE;
				GCC_WARN_UNUSED_FUNCTION = YES;
				GCC_WARN_UNUSED_VARIABLE = YES;
				MACOSX_DEPLOYMENT_TARGET = 10.13;
				MTL_ENABLE_DEBUG_INFO = NO;
				MTL_FAST_MATH = YES;
				SDKROOT = macosx;
			};
			name = Release;
		};
		1470623B229E92A90004906E /* Debug */ = {
			isa = XCBuildConfiguration;
			buildSettings = {
				CODE_SIGN_STYLE = Automatic;
				PRODUCT_NAME = "$(TARGET_NAME)";
			};
			name = Debug;
		};
		1470623C229E92A90004906E /* Release */ = {
			isa = XCBuildConfiguration;
			buildSettings = {
				CODE_SIGN_STYLE = Automatic;
				PRODUCT_NAME = "$(TARGET_NAME)";
			};
			name = Release;
		};
/* End XCBuildConfiguration section */

/* Begin XCConfigurationList section */
		1470622E229E92A90004906E /* Build configuration list for PBXProject "SVG_Project" */ = {
			isa = XCConfigurationList;
			buildConfigurations = (
				14706238229E92A90004906E /* Debug */,
				14706239229E92A90004906E /* Release */,
			);
			defaultConfigurationIsVisible = 0;
			defaultConfigurationName = Release;
		};
		1470623A229E92A90004906E /* Build configuration list for PBXNativeTarget "SVG_Project" */ = {
			isa = XCConfigurationList;
			buildConfigurations = (
				1470623B229E92A90004906E /* Debug */,
				1470623C229E92A90004906E /* Release */,
			);
			defaultConfigurationIsVisible = 0;
			defaultConfigurationName = Release;
		};
/* End XCConfigurationList section */
	};
	rootObject = 1470622B229E92A90004906E /* Project object */;
}
