// !$*UTF8*$!
{
	archiveVersion = 1;
	classes = {
	};
	objectVersion = 50;
	objects = {

/* Begin PBXBuildFile section */
		143859AA22941880009B94B5 /* PowerUser.cpp in Sources */ = {isa = PBXBuildFile; fileRef = 143859A922941880009B94B5 /* PowerUser.cpp */; };
		143859AD2294194B009B94B5 /* VIP.cpp in Sources */ = {isa = PBXBuildFile; fileRef = 143859AC2294194B009B94B5 /* VIP.cpp */; };
		143859B022941B82009B94B5 /* Admin.cpp in Sources */ = {isa = PBXBuildFile; fileRef = 143859AF22941B82009B94B5 /* Admin.cpp */; };
		14A5D9F6228AEA5100311FBB /* main.cpp in Sources */ = {isa = PBXBuildFile; fileRef = 14A5D9F5228AEA5100311FBB /* main.cpp */; };
		14A5D9FE228AEAB700311FBB /* Guest.cpp in Sources */ = {isa = PBXBuildFile; fileRef = 14A5D9FD228AEAB700311FBB /* Guest.cpp */; };
		14A5DA01228AEC7300311FBB /* User.cpp in Sources */ = {isa = PBXBuildFile; fileRef = 14A5DA00228AEC7300311FBB /* User.cpp */; };
/* End PBXBuildFile section */

/* Begin PBXCopyFilesBuildPhase section */
		14A5D9F0228AEA5100311FBB /* CopyFiles */ = {
			isa = PBXCopyFilesBuildPhase;
			buildActionMask = 2147483647;
			dstPath = /usr/share/man/man1/;
			dstSubfolderSpec = 0;
			files = (
			);
			runOnlyForDeploymentPostprocessing = 1;
		};
/* End PBXCopyFilesBuildPhase section */

/* Begin PBXFileReference section */
		143859A82294178A009B94B5 /* PowerUser.h */ = {isa = PBXFileReference; lastKnownFileType = sourcecode.c.h; path = PowerUser.h; sourceTree = "<group>"; };
		143859A922941880009B94B5 /* PowerUser.cpp */ = {isa = PBXFileReference; lastKnownFileType = sourcecode.cpp.cpp; path = PowerUser.cpp; sourceTree = "<group>"; };
		143859AB2294193D009B94B5 /* VIP.h */ = {isa = PBXFileReference; lastKnownFileType = sourcecode.c.h; path = VIP.h; sourceTree = "<group>"; };
		143859AC2294194B009B94B5 /* VIP.cpp */ = {isa = PBXFileReference; lastKnownFileType = sourcecode.cpp.cpp; path = VIP.cpp; sourceTree = "<group>"; };
		143859AE22941B35009B94B5 /* Admin.h */ = {isa = PBXFileReference; lastKnownFileType = sourcecode.c.h; path = Admin.h; sourceTree = "<group>"; };
		143859AF22941B82009B94B5 /* Admin.cpp */ = {isa = PBXFileReference; lastKnownFileType = sourcecode.cpp.cpp; path = Admin.cpp; sourceTree = "<group>"; };
		14A5D9F2228AEA5100311FBB /* LoginSystem */ = {isa = PBXFileReference; explicitFileType = "compiled.mach-o.executable"; includeInIndex = 0; path = LoginSystem; sourceTree = BUILT_PRODUCTS_DIR; };
		14A5D9F5228AEA5100311FBB /* main.cpp */ = {isa = PBXFileReference; lastKnownFileType = sourcecode.cpp.cpp; path = main.cpp; sourceTree = "<group>"; };
		14A5D9FC228AEAA500311FBB /* Guest.h */ = {isa = PBXFileReference; lastKnownFileType = sourcecode.c.h; path = Guest.h; sourceTree = "<group>"; };
		14A5D9FD228AEAB700311FBB /* Guest.cpp */ = {isa = PBXFileReference; lastKnownFileType = sourcecode.cpp.cpp; path = Guest.cpp; sourceTree = "<group>"; };
		14A5D9FF228AEC5700311FBB /* User.h */ = {isa = PBXFileReference; lastKnownFileType = sourcecode.c.h; path = User.h; sourceTree = "<group>"; };
		14A5DA00228AEC7300311FBB /* User.cpp */ = {isa = PBXFileReference; lastKnownFileType = sourcecode.cpp.cpp; path = User.cpp; sourceTree = "<group>"; };
/* End PBXFileReference section */

/* Begin PBXFrameworksBuildPhase section */
		14A5D9EF228AEA5100311FBB /* Frameworks */ = {
			isa = PBXFrameworksBuildPhase;
			buildActionMask = 2147483647;
			files = (
			);
			runOnlyForDeploymentPostprocessing = 0;
		};
/* End PBXFrameworksBuildPhase section */

/* Begin PBXGroup section */
		14A5D9E9228AEA5000311FBB = {
			isa = PBXGroup;
			children = (
				14A5D9F4228AEA5100311FBB /* LoginSystem */,
				14A5D9F3228AEA5100311FBB /* Products */,
			);
			sourceTree = "<group>";
		};
		14A5D9F3228AEA5100311FBB /* Products */ = {
			isa = PBXGroup;
			children = (
				14A5D9F2228AEA5100311FBB /* LoginSystem */,
			);
			name = Products;
			sourceTree = "<group>";
		};
		14A5D9F4228AEA5100311FBB /* LoginSystem */ = {
			isa = PBXGroup;
			children = (
				14A5D9F5228AEA5100311FBB /* main.cpp */,
				14A5D9FC228AEAA500311FBB /* Guest.h */,
				14A5D9FD228AEAB700311FBB /* Guest.cpp */,
				14A5D9FF228AEC5700311FBB /* User.h */,
				14A5DA00228AEC7300311FBB /* User.cpp */,
				143859A82294178A009B94B5 /* PowerUser.h */,
				143859A922941880009B94B5 /* PowerUser.cpp */,
				143859AB2294193D009B94B5 /* VIP.h */,
				143859AC2294194B009B94B5 /* VIP.cpp */,
				143859AE22941B35009B94B5 /* Admin.h */,
				143859AF22941B82009B94B5 /* Admin.cpp */,
			);
			path = LoginSystem;
			sourceTree = "<group>";
		};
/* End PBXGroup section */

/* Begin PBXNativeTarget section */
		14A5D9F1228AEA5100311FBB /* LoginSystem */ = {
			isa = PBXNativeTarget;
			buildConfigurationList = 14A5D9F9228AEA5100311FBB /* Build configuration list for PBXNativeTarget "LoginSystem" */;
			buildPhases = (
				14A5D9EE228AEA5100311FBB /* Sources */,
				14A5D9EF228AEA5100311FBB /* Frameworks */,
				14A5D9F0228AEA5100311FBB /* CopyFiles */,
			);
			buildRules = (
			);
			dependencies = (
			);
			name = LoginSystem;
			productName = LoginSystem;
			productReference = 14A5D9F2228AEA5100311FBB /* LoginSystem */;
			productType = "com.apple.product-type.tool";
		};
/* End PBXNativeTarget section */

/* Begin PBXProject section */
		14A5D9EA228AEA5000311FBB /* Project object */ = {
			isa = PBXProject;
			attributes = {
				LastUpgradeCheck = 1010;
				ORGANIZATIONNAME = "Zhivko Georgiev";
				TargetAttributes = {
					14A5D9F1228AEA5100311FBB = {
						CreatedOnToolsVersion = 10.1;
					};
				};
			};
			buildConfigurationList = 14A5D9ED228AEA5000311FBB /* Build configuration list for PBXProject "LoginSystem" */;
			compatibilityVersion = "Xcode 9.3";
			developmentRegion = en;
			hasScannedForEncodings = 0;
			knownRegions = (
				en,
			);
			mainGroup = 14A5D9E9228AEA5000311FBB;
			productRefGroup = 14A5D9F3228AEA5100311FBB /* Products */;
			projectDirPath = "";
			projectRoot = "";
			targets = (
				14A5D9F1228AEA5100311FBB /* LoginSystem */,
			);
		};
/* End PBXProject section */

/* Begin PBXSourcesBuildPhase section */
		14A5D9EE228AEA5100311FBB /* Sources */ = {
			isa = PBXSourcesBuildPhase;
			buildActionMask = 2147483647;
			files = (
				143859AD2294194B009B94B5 /* VIP.cpp in Sources */,
				14A5DA01228AEC7300311FBB /* User.cpp in Sources */,
				14A5D9FE228AEAB700311FBB /* Guest.cpp in Sources */,
				143859B022941B82009B94B5 /* Admin.cpp in Sources */,
				143859AA22941880009B94B5 /* PowerUser.cpp in Sources */,
				14A5D9F6228AEA5100311FBB /* main.cpp in Sources */,
			);
			runOnlyForDeploymentPostprocessing = 0;
		};
/* End PBXSourcesBuildPhase section */

/* Begin XCBuildConfiguration section */
		14A5D9F7228AEA5100311FBB /* Debug */ = {
			isa = XCBuildConfiguration;
			buildSettings = {
				ALWAYS_SEARCH_USER_PATHS = NO;
				CLANG_ANALYZER_NONNULL = YES;
				CLANG_ANALYZER_NUMBER_OBJECT_CONVERSION = YES_AGGRESSIVE;
				CLANG_CXX_LANGUAGE_STANDARD = "gnu++14";
				CLANG_CXX_LIBRARY = "libc++";
				CLANG_ENABLE_MODULES = YES;
				CLANG_ENABLE_OBJC_ARC = YES;
				CLANG_ENABLE_OBJC_WEAK = YES;
				CLANG_WARN_BLOCK_CAPTURE_AUTORELEASING = YES;
				CLANG_WARN_BOOL_CONVERSION = YES;
				CLANG_WARN_COMMA = YES;
				CLANG_WARN_CONSTANT_CONVERSION = YES;
				CLANG_WARN_DEPRECATED_OBJC_IMPLEMENTATIONS = YES;
				CLANG_WARN_DIRECT_OBJC_ISA_USAGE = YES_ERROR;
				CLANG_WARN_DOCUMENTATION_COMMENTS = YES;
				CLANG_WARN_EMPTY_BODY = YES;
				CLANG_WARN_ENUM_CONVERSION = YES;
				CLANG_WARN_INFINITE_RECURSION = YES;
				CLANG_WARN_INT_CONVERSION = YES;
				CLANG_WARN_NON_LITERAL_NULL_CONVERSION = YES;
				CLANG_WARN_OBJC_IMPLICIT_RETAIN_SELF = YES;
				CLANG_WARN_OBJC_LITERAL_CONVERSION = YES;
				CLANG_WARN_OBJC_ROOT_CLASS = YES_ERROR;
				CLANG_WARN_RANGE_LOOP_ANALYSIS = YES;
				CLANG_WARN_STRICT_PROTOTYPES = YES;
				CLANG_WARN_SUSPICIOUS_MOVE = YES;
				CLANG_WARN_UNGUARDED_AVAILABILITY = YES_AGGRESSIVE;
				CLANG_WARN_UNREACHABLE_CODE = YES;
				CLANG_WARN__DUPLICATE_METHOD_MATCH = YES;
				CODE_SIGN_IDENTITY = "-";
				COPY_PHASE_STRIP = NO;
				DEBUG_INFORMATION_FORMAT = dwarf;
				ENABLE_STRICT_OBJC_MSGSEND = YES;
				ENABLE_TESTABILITY = YES;
				GCC_C_LANGUAGE_STANDARD = gnu11;
				GCC_DYNAMIC_NO_PIC = NO;
				GCC_NO_COMMON_BLOCKS = YES;
				GCC_OPTIMIZATION_LEVEL = 0;
				GCC_PREPROCESSOR_DEFINITIONS = (
					"DEBUG=1",
					"$(inherited)",
				);
				GCC_WARN_64_TO_32_BIT_CONVERSION = YES;
				GCC_WARN_ABOUT_RETURN_TYPE = YES_ERROR;
				GCC_WARN_UNDECLARED_SELECTOR = YES;
				GCC_WARN_UNINITIALIZED_AUTOS = YES_AGGRESSIVE;
				GCC_WARN_UNUSED_FUNCTION = YES;
				GCC_WARN_UNUSED_VARIABLE = YES;
				MACOSX_DEPLOYMENT_TARGET = 10.13;
				MTL_ENABLE_DEBUG_INFO = INCLUDE_SOURCE;
				MTL_FAST_MATH = YES;
				ONLY_ACTIVE_ARCH = YES;
				SDKROOT = macosx;
			};
			name = Debug;
		};
		14A5D9F8228AEA5100311FBB /* Release */ = {
			isa = XCBuildConfiguration;
			buildSettings = {
				ALWAYS_SEARCH_USER_PATHS = NO;
				CLANG_ANALYZER_NONNULL = YES;
				CLANG_ANALYZER_NUMBER_OBJECT_CONVERSION = YES_AGGRESSIVE;
				CLANG_CXX_LANGUAGE_STANDARD = "gnu++14";
				CLANG_CXX_LIBRARY = "libc++";
				CLANG_ENABLE_MODULES = YES;
				CLANG_ENABLE_OBJC_ARC = YES;
				CLANG_ENABLE_OBJC_WEAK = YES;
				CLANG_WARN_BLOCK_CAPTURE_AUTORELEASING = YES;
				CLANG_WARN_BOOL_CONVERSION = YES;
				CLANG_WARN_COMMA = YES;
				CLANG_WARN_CONSTANT_CONVERSION = YES;
				CLANG_WARN_DEPRECATED_OBJC_IMPLEMENTATIONS = YES;
				CLANG_WARN_DIRECT_OBJC_ISA_USAGE = YES_ERROR;
				CLANG_WARN_DOCUMENTATION_COMMENTS = YES;
				CLANG_WARN_EMPTY_BODY = YES;
				CLANG_WARN_ENUM_CONVERSION = YES;
				CLANG_WARN_INFINITE_RECURSION = YES;
				CLANG_WARN_INT_CONVERSION = YES;
				CLANG_WARN_NON_LITERAL_NULL_CONVERSION = YES;
				CLANG_WARN_OBJC_IMPLICIT_RETAIN_SELF = YES;
				CLANG_WARN_OBJC_LITERAL_CONVERSION = YES;
				CLANG_WARN_OBJC_ROOT_CLASS = YES_ERROR;
				CLANG_WARN_RANGE_LOOP_ANALYSIS = YES;
				CLANG_WARN_STRICT_PROTOTYPES = YES;
				CLANG_WARN_SUSPICIOUS_MOVE = YES;
				CLANG_WARN_UNGUARDED_AVAILABILITY = YES_AGGRESSIVE;
				CLANG_WARN_UNREACHABLE_CODE = YES;
				CLANG_WARN__DUPLICATE_METHOD_MATCH = YES;
				CODE_SIGN_IDENTITY = "-";
				COPY_PHASE_STRIP = NO;
				DEBUG_INFORMATION_FORMAT = "dwarf-with-dsym";
				ENABLE_NS_ASSERTIONS = NO;
				ENABLE_STRICT_OBJC_MSGSEND = YES;
				GCC_C_LANGUAGE_STANDARD = gnu11;
				GCC_NO_COMMON_BLOCKS = YES;
				GCC_WARN_64_TO_32_BIT_CONVERSION = YES;
				GCC_WARN_ABOUT_RETURN_TYPE = YES_ERROR;
				GCC_WARN_UNDECLARED_SELECTOR = YES;
				GCC_WARN_UNINITIALIZED_AUTOS = YES_AGGRESSIVE;
				GCC_WARN_UNUSED_FUNCTION = YES;
				GCC_WARN_UNUSED_VARIABLE = YES;
				MACOSX_DEPLOYMENT_TARGET = 10.13;
				MTL_ENABLE_DEBUG_INFO = NO;
				MTL_FAST_MATH = YES;
				SDKROOT = macosx;
			};
			name = Release;
		};
		14A5D9FA228AEA5100311FBB /* Debug */ = {
			isa = XCBuildConfiguration;
			buildSettings = {
				CODE_SIGN_STYLE = Automatic;
				PRODUCT_NAME = "$(TARGET_NAME)";
			};
			name = Debug;
		};
		14A5D9FB228AEA5100311FBB /* Release */ = {
			isa = XCBuildConfiguration;
			buildSettings = {
				CODE_SIGN_STYLE = Automatic;
				PRODUCT_NAME = "$(TARGET_NAME)";
			};
			name = Release;
		};
/* End XCBuildConfiguration section */

/* Begin XCConfigurationList section */
		14A5D9ED228AEA5000311FBB /* Build configuration list for PBXProject "LoginSystem" */ = {
			isa = XCConfigurationList;
			buildConfigurations = (
				14A5D9F7228AEA5100311FBB /* Debug */,
				14A5D9F8228AEA5100311FBB /* Release */,
			);
			defaultConfigurationIsVisible = 0;
			defaultConfigurationName = Release;
		};
		14A5D9F9228AEA5100311FBB /* Build configuration list for PBXNativeTarget "LoginSystem" */ = {
			isa = XCConfigurationList;
			buildConfigurations = (
				14A5D9FA228AEA5100311FBB /* Debug */,
				14A5D9FB228AEA5100311FBB /* Release */,
			);
			defaultConfigurationIsVisible = 0;
			defaultConfigurationName = Release;
		};
/* End XCConfigurationList section */
	};
	rootObject = 14A5D9EA228AEA5000311FBB /* Project object */;
}
