// !$*UTF8*$!
{
	archiveVersion = 1;
	classes = {
	};
	objectVersion = 50;
	objects = {

/* Begin PBXBuildFile section */
		143D466A229D7D72007E3A50 /* main.cpp in Sources */ = {isa = PBXBuildFile; fileRef = 143D4669229D7D72007E3A50 /* main.cpp */; };
		143D4672229D7D92007E3A50 /* File.cpp in Sources */ = {isa = PBXBuildFile; fileRef = 143D4671229D7D92007E3A50 /* File.cpp */; };
		143D4675229D8428007E3A50 /* Folder.cpp in Sources */ = {isa = PBXBuildFile; fileRef = 143D4674229D8428007E3A50 /* Folder.cpp */; };
		143D4678229D8A4C007E3A50 /* Shortcut.cpp in Sources */ = {isa = PBXBuildFile; fileRef = 143D4677229D8A4C007E3A50 /* Shortcut.cpp */; };
		143D467B229D8BA5007E3A50 /* Picture.cpp in Sources */ = {isa = PBXBuildFile; fileRef = 143D467A229D8BA5007E3A50 /* Picture.cpp */; };
		143D467E229D8E93007E3A50 /* Music.cpp in Sources */ = {isa = PBXBuildFile; fileRef = 143D467D229D8E93007E3A50 /* Music.cpp */; };
/* End PBXBuildFile section */

/* Begin PBXCopyFilesBuildPhase section */
		143D4664229D7D72007E3A50 /* CopyFiles */ = {
			isa = PBXCopyFilesBuildPhase;
			buildActionMask = 2147483647;
			dstPath = /usr/share/man/man1/;
			dstSubfolderSpec = 0;
			files = (
			);
			runOnlyForDeploymentPostprocessing = 1;
		};
/* End PBXCopyFilesBuildPhase section */

/* Begin PBXFileReference section */
		143D4666229D7D72007E3A50 /* FileSystem */ = {isa = PBXFileReference; explicitFileType = "compiled.mach-o.executable"; includeInIndex = 0; path = FileSystem; sourceTree = BUILT_PRODUCTS_DIR; };
		143D4669229D7D72007E3A50 /* main.cpp */ = {isa = PBXFileReference; lastKnownFileType = sourcecode.cpp.cpp; path = main.cpp; sourceTree = "<group>"; };
		143D4670229D7D83007E3A50 /* File.h */ = {isa = PBXFileReference; lastKnownFileType = sourcecode.c.h; path = File.h; sourceTree = "<group>"; };
		143D4671229D7D92007E3A50 /* File.cpp */ = {isa = PBXFileReference; lastKnownFileType = sourcecode.cpp.cpp; path = File.cpp; sourceTree = "<group>"; };
		143D4673229D8215007E3A50 /* Folder.h */ = {isa = PBXFileReference; lastKnownFileType = sourcecode.c.h; path = Folder.h; sourceTree = "<group>"; };
		143D4674229D8428007E3A50 /* Folder.cpp */ = {isa = PBXFileReference; lastKnownFileType = sourcecode.cpp.cpp; path = Folder.cpp; sourceTree = "<group>"; };
		143D4676229D8A35007E3A50 /* Shortcut.h */ = {isa = PBXFileReference; lastKnownFileType = sourcecode.c.h; path = Shortcut.h; sourceTree = "<group>"; };
		143D4677229D8A4C007E3A50 /* Shortcut.cpp */ = {isa = PBXFileReference; lastKnownFileType = sourcecode.cpp.cpp; path = Shortcut.cpp; sourceTree = "<group>"; };
		143D4679229D8B95007E3A50 /* Picture.h */ = {isa = PBXFileReference; lastKnownFileType = sourcecode.c.h; path = Picture.h; sourceTree = "<group>"; };
		143D467A229D8BA5007E3A50 /* Picture.cpp */ = {isa = PBXFileReference; lastKnownFileType = sourcecode.cpp.cpp; path = Picture.cpp; sourceTree = "<group>"; };
		143D467C229D8DC0007E3A50 /* Music.h */ = {isa = PBXFileReference; lastKnownFileType = sourcecode.c.h; path = Music.h; sourceTree = "<group>"; };
		143D467D229D8E93007E3A50 /* Music.cpp */ = {isa = PBXFileReference; lastKnownFileType = sourcecode.cpp.cpp; path = Music.cpp; sourceTree = "<group>"; };
/* End PBXFileReference section */

/* Begin PBXFrameworksBuildPhase section */
		143D4663229D7D72007E3A50 /* Frameworks */ = {
			isa = PBXFrameworksBuildPhase;
			buildActionMask = 2147483647;
			files = (
			);
			runOnlyForDeploymentPostprocessing = 0;
		};
/* End PBXFrameworksBuildPhase section */

/* Begin PBXGroup section */
		143D465D229D7D72007E3A50 = {
			isa = PBXGroup;
			children = (
				143D4668229D7D72007E3A50 /* FileSystem */,
				143D4667229D7D72007E3A50 /* Products */,
			);
			sourceTree = "<group>";
		};
		143D4667229D7D72007E3A50 /* Products */ = {
			isa = PBXGroup;
			children = (
				143D4666229D7D72007E3A50 /* FileSystem */,
			);
			name = Products;
			sourceTree = "<group>";
		};
		143D4668229D7D72007E3A50 /* FileSystem */ = {
			isa = PBXGroup;
			children = (
				143D4669229D7D72007E3A50 /* main.cpp */,
				143D4670229D7D83007E3A50 /* File.h */,
				143D4671229D7D92007E3A50 /* File.cpp */,
				143D4673229D8215007E3A50 /* Folder.h */,
				143D4674229D8428007E3A50 /* Folder.cpp */,
				143D4676229D8A35007E3A50 /* Shortcut.h */,
				143D4677229D8A4C007E3A50 /* Shortcut.cpp */,
				143D4679229D8B95007E3A50 /* Picture.h */,
				143D467A229D8BA5007E3A50 /* Picture.cpp */,
				143D467C229D8DC0007E3A50 /* Music.h */,
				143D467D229D8E93007E3A50 /* Music.cpp */,
			);
			path = FileSystem;
			sourceTree = "<group>";
		};
/* End PBXGroup section */

/* Begin PBXNativeTarget section */
		143D4665229D7D72007E3A50 /* FileSystem */ = {
			isa = PBXNativeTarget;
			buildConfigurationList = 143D466D229D7D72007E3A50 /* Build configuration list for PBXNativeTarget "FileSystem" */;
			buildPhases = (
				143D4662229D7D72007E3A50 /* Sources */,
				143D4663229D7D72007E3A50 /* Frameworks */,
				143D4664229D7D72007E3A50 /* CopyFiles */,
			);
			buildRules = (
			);
			dependencies = (
			);
			name = FileSystem;
			productName = FileSystem;
			productReference = 143D4666229D7D72007E3A50 /* FileSystem */;
			productType = "com.apple.product-type.tool";
		};
/* End PBXNativeTarget section */

/* Begin PBXProject section */
		143D465E229D7D72007E3A50 /* Project object */ = {
			isa = PBXProject;
			attributes = {
				LastUpgradeCheck = 1010;
				ORGANIZATIONNAME = "Zhivko Georgiev";
				TargetAttributes = {
					143D4665229D7D72007E3A50 = {
						CreatedOnToolsVersion = 10.1;
					};
				};
			};
			buildConfigurationList = 143D4661229D7D72007E3A50 /* Build configuration list for PBXProject "FileSystem" */;
			compatibilityVersion = "Xcode 9.3";
			developmentRegion = en;
			hasScannedForEncodings = 0;
			knownRegions = (
				en,
			);
			mainGroup = 143D465D229D7D72007E3A50;
			productRefGroup = 143D4667229D7D72007E3A50 /* Products */;
			projectDirPath = "";
			projectRoot = "";
			targets = (
				143D4665229D7D72007E3A50 /* FileSystem */,
			);
		};
/* End PBXProject section */

/* Begin PBXSourcesBuildPhase section */
		143D4662229D7D72007E3A50 /* Sources */ = {
			isa = PBXSourcesBuildPhase;
			buildActionMask = 2147483647;
			files = (
				143D466A229D7D72007E3A50 /* main.cpp in Sources */,
				143D467B229D8BA5007E3A50 /* Picture.cpp in Sources */,
				143D4678229D8A4C007E3A50 /* Shortcut.cpp in Sources */,
				143D467E229D8E93007E3A50 /* Music.cpp in Sources */,
				143D4672229D7D92007E3A50 /* File.cpp in Sources */,
				143D4675229D8428007E3A50 /* Folder.cpp in Sources */,
			);
			runOnlyForDeploymentPostprocessing = 0;
		};
/* End PBXSourcesBuildPhase section */

/* Begin XCBuildConfiguration section */
		143D466B229D7D72007E3A50 /* Debug */ = {
			isa = XCBuildConfiguration;
			buildSettings = {
				ALWAYS_SEARCH_USER_PATHS = NO;
				CLANG_ANALYZER_NONNULL = YES;
				CLANG_ANALYZER_NUMBER_OBJECT_CONVERSION = YES_AGGRESSIVE;
				CLANG_CXX_LANGUAGE_STANDARD = "gnu++14";
				CLANG_CXX_LIBRARY = "libc++";
				CLANG_ENABLE_MODULES = YES;
				CLANG_ENABLE_OBJC_ARC = YES;
				CLANG_ENABLE_OBJC_WEAK = YES;
				CLANG_WARN_BLOCK_CAPTURE_AUTORELEASING = YES;
				CLANG_WARN_BOOL_CONVERSION = YES;
				CLANG_WARN_COMMA = YES;
				CLANG_WARN_CONSTANT_CONVERSION = YES;
				CLANG_WARN_DEPRECATED_OBJC_IMPLEMENTATIONS = YES;
				CLANG_WARN_DIRECT_OBJC_ISA_USAGE = YES_ERROR;
				CLANG_WARN_DOCUMENTATION_COMMENTS = YES;
				CLANG_WARN_EMPTY_BODY = YES;
				CLANG_WARN_ENUM_CONVERSION = YES;
				CLANG_WARN_INFINITE_RECURSION = YES;
				CLANG_WARN_INT_CONVERSION = YES;
				CLANG_WARN_NON_LITERAL_NULL_CONVERSION = YES;
				CLANG_WARN_OBJC_IMPLICIT_RETAIN_SELF = YES;
				CLANG_WARN_OBJC_LITERAL_CONVERSION = YES;
				CLANG_WARN_OBJC_ROOT_CLASS = YES_ERROR;
				CLANG_WARN_RANGE_LOOP_ANALYSIS = YES;
				CLANG_WARN_STRICT_PROTOTYPES = YES;
				CLANG_WARN_SUSPICIOUS_MOVE = YES;
				CLANG_WARN_UNGUARDED_AVAILABILITY = YES_AGGRESSIVE;
				CLANG_WARN_UNREACHABLE_CODE = YES;
				CLANG_WARN__DUPLICATE_METHOD_MATCH = YES;
				CODE_SIGN_IDENTITY = "-";
				COPY_PHASE_STRIP = NO;
				DEBUG_INFORMATION_FORMAT = dwarf;
				ENABLE_STRICT_OBJC_MSGSEND = YES;
				ENABLE_TESTABILITY = YES;
				GCC_C_LANGUAGE_STANDARD = gnu11;
				GCC_DYNAMIC_NO_PIC = NO;
				GCC_NO_COMMON_BLOCKS = YES;
				GCC_OPTIMIZATION_LEVEL = 0;
				GCC_PREPROCESSOR_DEFINITIONS = (
					"DEBUG=1",
					"$(inherited)",
				);
				GCC_WARN_64_TO_32_BIT_CONVERSION = YES;
				GCC_WARN_ABOUT_RETURN_TYPE = YES_ERROR;
				GCC_WARN_UNDECLARED_SELECTOR = YES;
				GCC_WARN_UNINITIALIZED_AUTOS = YES_AGGRESSIVE;
				GCC_WARN_UNUSED_FUNCTION = YES;
				GCC_WARN_UNUSED_VARIABLE = YES;
				MACOSX_DEPLOYMENT_TARGET = 10.13;
				MTL_ENABLE_DEBUG_INFO = INCLUDE_SOURCE;
				MTL_FAST_MATH = YES;
				ONLY_ACTIVE_ARCH = YES;
				SDKROOT = macosx;
			};
			name = Debug;
		};
		143D466C229D7D72007E3A50 /* Release */ = {
			isa = XCBuildConfiguration;
			buildSettings = {
				ALWAYS_SEARCH_USER_PATHS = NO;
				CLANG_ANALYZER_NONNULL = YES;
				CLANG_ANALYZER_NUMBER_OBJECT_CONVERSION = YES_AGGRESSIVE;
				CLANG_CXX_LANGUAGE_STANDARD = "gnu++14";
				CLANG_CXX_LIBRARY = "libc++";
				CLANG_ENABLE_MODULES = YES;
				CLANG_ENABLE_OBJC_ARC = YES;
				CLANG_ENABLE_OBJC_WEAK = YES;
				CLANG_WARN_BLOCK_CAPTURE_AUTORELEASING = YES;
				CLANG_WARN_BOOL_CONVERSION = YES;
				CLANG_WARN_COMMA = YES;
				CLANG_WARN_CONSTANT_CONVERSION = YES;
				CLANG_WARN_DEPRECATED_OBJC_IMPLEMENTATIONS = YES;
				CLANG_WARN_DIRECT_OBJC_ISA_USAGE = YES_ERROR;
				CLANG_WARN_DOCUMENTATION_COMMENTS = YES;
				CLANG_WARN_EMPTY_BODY = YES;
				CLANG_WARN_ENUM_CONVERSION = YES;
				CLANG_WARN_INFINITE_RECURSION = YES;
				CLANG_WARN_INT_CONVERSION = YES;
				CLANG_WARN_NON_LITERAL_NULL_CONVERSION = YES;
				CLANG_WARN_OBJC_IMPLICIT_RETAIN_SELF = YES;
				CLANG_WARN_OBJC_LITERAL_CONVERSION = YES;
				CLANG_WARN_OBJC_ROOT_CLASS = YES_ERROR;
				CLANG_WARN_RANGE_LOOP_ANALYSIS = YES;
				CLANG_WARN_STRICT_PROTOTYPES = YES;
				CLANG_WARN_SUSPICIOUS_MOVE = YES;
				CLANG_WARN_UNGUARDED_AVAILABILITY = YES_AGGRESSIVE;
				CLANG_WARN_UNREACHABLE_CODE = YES;
				CLANG_WARN__DUPLICATE_METHOD_MATCH = YES;
				CODE_SIGN_IDENTITY = "-";
				COPY_PHASE_STRIP = NO;
				DEBUG_INFORMATION_FORMAT = "dwarf-with-dsym";
				ENABLE_NS_ASSERTIONS = NO;
				ENABLE_STRICT_OBJC_MSGSEND = YES;
				GCC_C_LANGUAGE_STANDARD = gnu11;
				GCC_NO_COMMON_BLOCKS = YES;
				GCC_WARN_64_TO_32_BIT_CONVERSION = YES;
				GCC_WARN_ABOUT_RETURN_TYPE = YES_ERROR;
				GCC_WARN_UNDECLARED_SELECTOR = YES;
				GCC_WARN_UNINITIALIZED_AUTOS = YES_AGGRESSIVE;
				GCC_WARN_UNUSED_FUNCTION = YES;
				GCC_WARN_UNUSED_VARIABLE = YES;
				MACOSX_DEPLOYMENT_TARGET = 10.13;
				MTL_ENABLE_DEBUG_INFO = NO;
				MTL_FAST_MATH = YES;
				SDKROOT = macosx;
			};
			name = Release;
		};
		143D466E229D7D72007E3A50 /* Debug */ = {
			isa = XCBuildConfiguration;
			buildSettings = {
				CODE_SIGN_STYLE = Automatic;
				PRODUCT_NAME = "$(TARGET_NAME)";
			};
			name = Debug;
		};
		143D466F229D7D72007E3A50 /* Release */ = {
			isa = XCBuildConfiguration;
			buildSettings = {
				CODE_SIGN_STYLE = Automatic;
				PRODUCT_NAME = "$(TARGET_NAME)";
			};
			name = Release;
		};
/* End XCBuildConfiguration section */

/* Begin XCConfigurationList section */
		143D4661229D7D72007E3A50 /* Build configuration list for PBXProject "FileSystem" */ = {
			isa = XCConfigurationList;
			buildConfigurations = (
				143D466B229D7D72007E3A50 /* Debug */,
				143D466C229D7D72007E3A50 /* Release */,
			);
			defaultConfigurationIsVisible = 0;
			defaultConfigurationName = Release;
		};
		143D466D229D7D72007E3A50 /* Build configuration list for PBXNativeTarget "FileSystem" */ = {
			isa = XCConfigurationList;
			buildConfigurations = (
				143D466E229D7D72007E3A50 /* Debug */,
				143D466F229D7D72007E3A50 /* Release */,
			);
			defaultConfigurationIsVisible = 0;
			defaultConfigurationName = Release;
		};
/* End XCConfigurationList section */
	};
	rootObject = 143D465E229D7D72007E3A50 /* Project object */;
}
